<?xml version="1.0" encoding="utf-8"?>
<Project ToolsVersion="4.0" xmlns="http://schemas.microsoft.com/developer/msbuild/2003">
  <ItemGroup>
    <Filter Include="소스 파일">
      <UniqueIdentifier>{4FC737F1-C7A5-4376-A066-2A32D752A2FF}</UniqueIdentifier>
      <Extensions>cpp;c;cc;cxx;def;odl;idl;hpj;bat;asm;asmx</Extensions>
    </Filter>
    <Filter Include="헤더 파일">
      <UniqueIdentifier>{93995380-89BD-4b04-88EB-625FBE52EBFB}</UniqueIdentifier>
      <Extensions>h;hh;hpp;hxx;hm;inl;inc;xsd</Extensions>
    </Filter>
    <Filter Include="리소스 파일">
      <UniqueIdentifier>{67DA6AB6-F800-4c08-8B7A-83BB121AAD01}</UniqueIdentifier>
      <Extensions>rc;ico;cur;bmp;dlg;rc2;rct;bin;rgs;gif;jpg;jpeg;jpe;resx;tiff;tif;png;wav;mfcribbon-ms</Extensions>
    </Filter>
    <Filter Include="소스 파일\Chapter07">
      <UniqueIdentifier>{5066c546-59fc-4aa7-b4b7-5fb73bc0ffa7}</UniqueIdentifier>
    </Filter>
    <Filter Include="헤더 파일\Chapter07">
      <UniqueIdentifier>{0109712c-a1cf-4158-b79a-1f21b25fcdd0}</UniqueIdentifier>
    </Filter>
    <Filter Include="헤더 파일\Chapter06">
      <UniqueIdentifier>{50e45444-c56c-4308-9128-6919012038cb}</UniqueIdentifier>
    </Filter>
    <Filter Include="헤더 파일\Chapter05">
      <UniqueIdentifier>{06bc956b-afe5-4ce7-9ffe-5b985643d242}</UniqueIdentifier>
    </Filter>
    <Filter Include="헤더 파일\Chapter04">
      <UniqueIdentifier>{a994aaa6-4c6a-411f-a2a6-00f7a5fc2c90}</UniqueIdentifier>
    </Filter>
  </ItemGroup>
  <ItemGroup>
    <Text Include="ReadMe.txt" />
  </ItemGroup>
  <ItemGroup>
    <ClInclude Include="stdafx.h">
      <Filter>헤더 파일</Filter>
    </ClInclude>
    <ClInclude Include="targetver.h">
      <Filter>헤더 파일</Filter>
    </ClInclude>
    <ClInclude Include="Resource.h">
      <Filter>헤더 파일</Filter>
    </ClInclude>
    <ClInclude Include="Direct3DSkel.h">
      <Filter>헤더 파일</Filter>
    </ClInclude>
    <ClInclude Include="BaseClass.h">
      <Filter>헤더 파일</Filter>
    </ClInclude>
    <ClInclude Include="d3dUtility.h">
      <Filter>헤더 파일</Filter>
    </ClInclude>
    <ClInclude Include="Ex05_01LightMapping.h">
      <Filter>헤더 파일</Filter>
    </ClInclude>
    <ClInclude Include="Ex05_02Billboard.h">
      <Filter>헤더 파일</Filter>
    </ClInclude>
    <ClInclude Include="Ex05_04NormalMapping.h">
      <Filter>헤더 파일</Filter>
    </ClInclude>
    <ClInclude Include="Ex06_Textures.h">
      <Filter>헤더 파일</Filter>
    </ClInclude>
    <ClInclude Include="Ex07_Mesh.h">
      <Filter>헤더 파일</Filter>
    </ClInclude>
    <ClInclude Include="Ex08_IndexBuffer.h">
      <Filter>헤더 파일</Filter>
    </ClInclude>
    <ClInclude Include="GameApp.h">
      <Filter>헤더 파일</Filter>
    </ClInclude>
    <ClInclude Include="GameCore.h">
      <Filter>헤더 파일</Filter>
    </ClInclude>
    <ClInclude Include="Ex05_03Billboard.h">
      <Filter>헤더 파일</Filter>
    </ClInclude>
    <ClInclude Include="Ex05_05Hierachy.h">
      <Filter>헤더 파일</Filter>
    </ClInclude>
    <ClInclude Include="Ex05_06Animation.h">
      <Filter>헤더 파일</Filter>
    </ClInclude>
    <ClInclude Include="Ex05_07Skinning.h">
      <Filter>헤더 파일</Filter>
    </ClInclude>
    <ClInclude Include="Skel_07_01_Terrain.h">
      <Filter>헤더 파일\Chapter07</Filter>
    </ClInclude>
    <ClInclude Include="Skel_Camera.h">
      <Filter>헤더 파일</Filter>
    </ClInclude>
    <ClInclude Include="Skel_ZFrustum.h">
      <Filter>헤더 파일</Filter>
    </ClInclude>
    <ClInclude Include="Skel_07_03_Terrain_Frustum.h">
      <Filter>헤더 파일</Filter>
    </ClInclude>
  </ItemGroup>
  <ItemGroup>
    <ClCompile Include="stdafx.cpp">
      <Filter>소스 파일</Filter>
    </ClCompile>
    <ClCompile Include="Direct3DSkel.cpp">
      <Filter>소스 파일</Filter>
    </ClCompile>
    <ClCompile Include="BaseClass.cpp">
      <Filter>소스 파일</Filter>
    </ClCompile>
    <ClCompile Include="d3dUtility.cpp">
      <Filter>소스 파일</Filter>
    </ClCompile>
    <ClCompile Include="Ex05_01LightMapping.cpp">
      <Filter>소스 파일</Filter>
    </ClCompile>
    <ClCompile Include="Ex05_02Billboard.cpp">
      <Filter>소스 파일</Filter>
    </ClCompile>
    <ClCompile Include="Ex05_04NormalMapping.cpp">
      <Filter>소스 파일</Filter>
    </ClCompile>
    <ClCompile Include="Ex06_Textures.cpp">
      <Filter>소스 파일</Filter>
    </ClCompile>
    <ClCompile Include="Ex07_Mesh.cpp">
      <Filter>소스 파일</Filter>
    </ClCompile>
    <ClCompile Include="Ex08_IndexBuffer.cpp">
      <Filter>소스 파일</Filter>
    </ClCompile>
    <ClCompile Include="GameApp.cpp">
      <Filter>소스 파일</Filter>
    </ClCompile>
    <ClCompile Include="GameCore.cpp">
      <Filter>소스 파일</Filter>
    </ClCompile>
    <ClCompile Include="Ex05_03Billboard.cpp">
      <Filter>소스 파일</Filter>
    </ClCompile>
    <ClCompile Include="Ex05_05Hierachy.cpp">
      <Filter>소스 파일</Filter>
    </ClCompile>
    <ClCompile Include="Ex05_06Animation.cpp">
      <Filter>소스 파일</Filter>
    </ClCompile>
    <ClCompile Include="Ex05_07Skinning.cpp">
      <Filter>소스 파일</Filter>
    </ClCompile>
    <ClCompile Include="Skel_07_01_Terrain.cpp">
      <Filter>소스 파일\Chapter07</Filter>
    </ClCompile>
    <ClCompile Include="Skel_Camera.cpp">
      <Filter>소스 파일</Filter>
    </ClCompile>
    <ClCompile Include="Skel_ZFrustum.cpp">
      <Filter>소스 파일</Filter>
    </ClCompile>
    <ClCompile Include="Skel_07_03_Terrain_Frustum.cpp">
      <Filter>소스 파일</Filter>
    </ClCompile>
  </ItemGroup>
  <ItemGroup>
    <ResourceCompile Include="Direct3DSkel.rc">
      <Filter>리소스 파일</Filter>
    </ResourceCompile>
  </ItemGroup>
  <ItemGroup>
    <Image Include="small.ico">
      <Filter>리소스 파일</Filter>
    </Image>
    <Image Include="Direct3DSkel.ico">
      <Filter>리소스 파일</Filter>
    </Image>
  </ItemGroup>
</Project>