<?xml version="1.0" encoding="utf-8"?>
<Project ToolsVersion="4.0" xmlns="http://schemas.microsoft.com/developer/msbuild/2003">
  <ItemGroup>
    <Filter Include="소스 파일">
      <UniqueIdentifier>{4FC737F1-C7A5-4376-A066-2A32D752A2FF}</UniqueIdentifier>
      <Extensions>cpp;c;cc;cxx;def;odl;idl;hpj;bat;asm;asmx</Extensions>
    </Filter>
    <Filter Include="헤더 파일">
      <UniqueIdentifier>{93995380-89BD-4b04-88EB-625FBE52EBFB}</UniqueIdentifier>
      <Extensions>h;hh;hpp;hxx;hm;inl;inc;xsd</Extensions>
    </Filter>
    <Filter Include="리소스 파일">
      <UniqueIdentifier>{67DA6AB6-F800-4c08-8B7A-83BB121AAD01}</UniqueIdentifier>
      <Extensions>rc;ico;cur;bmp;dlg;rc2;rct;bin;rgs;gif;jpg;jpeg;jpe;resx;tiff;tif;png;wav;mfcribbon-ms</Extensions>
    </Filter>
    <Filter Include="소스 파일\Chapter02">
      <UniqueIdentifier>{84df19c8-46de-4ec9-93a9-5dacb939c0db}</UniqueIdentifier>
    </Filter>
    <Filter Include="소스 파일\Chapter03">
      <UniqueIdentifier>{19390eca-b341-4144-8417-9c7d524f0002}</UniqueIdentifier>
    </Filter>
    <Filter Include="헤더 파일\Chapter03">
      <UniqueIdentifier>{3084e43e-8600-4290-8f96-c93e0b14c56e}</UniqueIdentifier>
    </Filter>
    <Filter Include="헤더 파일\Chapter02">
      <UniqueIdentifier>{1f3425bc-93e4-4bff-9cf1-4f32fbf4500d}</UniqueIdentifier>
    </Filter>
    <Filter Include="헤더 파일\Chapter01">
      <UniqueIdentifier>{9336ff45-469e-4847-997d-5e89e17c2378}</UniqueIdentifier>
    </Filter>
    <Filter Include="소스 파일\Chapter01">
      <UniqueIdentifier>{8ced3c17-5fb5-4f7f-82b8-57d906778bba}</UniqueIdentifier>
    </Filter>
  </ItemGroup>
  <ItemGroup>
    <Text Include="ReadMe.txt" />
  </ItemGroup>
  <ItemGroup>
    <ClInclude Include="stdafx.h">
      <Filter>헤더 파일</Filter>
    </ClInclude>
    <ClInclude Include="targetver.h">
      <Filter>헤더 파일</Filter>
    </ClInclude>
    <ClInclude Include="Resource.h">
      <Filter>헤더 파일</Filter>
    </ClInclude>
    <ClInclude Include="3DAPIShader.h">
      <Filter>헤더 파일</Filter>
    </ClInclude>
    <ClInclude Include="BaseClass.h">
      <Filter>헤더 파일</Filter>
    </ClInclude>
    <ClInclude Include="GameApp.h">
      <Filter>헤더 파일</Filter>
    </ClInclude>
    <ClInclude Include="GameCore.h">
      <Filter>헤더 파일</Filter>
    </ClInclude>
    <ClInclude Include="TestShader.h">
      <Filter>헤더 파일</Filter>
    </ClInclude>
    <ClInclude Include="InputManager.h">
      <Filter>헤더 파일</Filter>
    </ClInclude>
    <ClInclude Include="CameraManager.h">
      <Filter>헤더 파일</Filter>
    </ClInclude>
    <ClInclude Include="Grid.h">
      <Filter>헤더 파일</Filter>
    </ClInclude>
    <ClInclude Include="Field.h">
      <Filter>헤더 파일</Filter>
    </ClInclude>
    <ClInclude Include="Mesh.h">
      <Filter>헤더 파일</Filter>
    </ClInclude>
    <ClInclude Include="IRenderTarget.h">
      <Filter>헤더 파일</Filter>
    </ClInclude>
    <ClInclude Include="RenderTarget.h">
      <Filter>헤더 파일</Filter>
    </ClInclude>
    <ClInclude Include="Shader_3dapi_03_01.h">
      <Filter>헤더 파일\Chapter03</Filter>
    </ClInclude>
    <ClInclude Include="Shader_3dapi_03_02.h">
      <Filter>헤더 파일\Chapter03</Filter>
    </ClInclude>
    <ClInclude Include="Shader_3dapi_03_03.h">
      <Filter>헤더 파일\Chapter03</Filter>
    </ClInclude>
    <ClInclude Include="Shader_3dapi_03_04.h">
      <Filter>헤더 파일\Chapter03</Filter>
    </ClInclude>
    <ClInclude Include="Shader_3dapi_03_08.h">
      <Filter>헤더 파일\Chapter03</Filter>
    </ClInclude>
    <ClInclude Include="Shader_3dapi_03_09.h">
      <Filter>헤더 파일\Chapter03</Filter>
    </ClInclude>
    <ClInclude Include="Shader_3dapi_03_10.h">
      <Filter>헤더 파일\Chapter03</Filter>
    </ClInclude>
    <ClInclude Include="Shader_3dapi_03_11.h">
      <Filter>헤더 파일\Chapter03</Filter>
    </ClInclude>
    <ClInclude Include="Shader_3dapi_02_12.h">
      <Filter>헤더 파일\Chapter02</Filter>
    </ClInclude>
    <ClInclude Include="Shader_3dapi_02_18.h">
      <Filter>헤더 파일\Chapter02</Filter>
    </ClInclude>
    <ClInclude Include="Shader_3dapi_02_19.h">
      <Filter>헤더 파일\Chapter02</Filter>
    </ClInclude>
    <ClInclude Include="Shader_3dapi_02_28.h">
      <Filter>헤더 파일\Chapter02</Filter>
    </ClInclude>
    <ClInclude Include="Shader_3dapi_02_20.h">
      <Filter>헤더 파일\Chapter02</Filter>
    </ClInclude>
    <ClInclude Include="Shader_3dapi_02_21.h">
      <Filter>헤더 파일\Chapter02</Filter>
    </ClInclude>
    <ClInclude Include="Shader_3dapi_02_22.h">
      <Filter>헤더 파일\Chapter02</Filter>
    </ClInclude>
    <ClInclude Include="Shader_3dapi_02_23.h">
      <Filter>헤더 파일\Chapter02</Filter>
    </ClInclude>
    <ClInclude Include="Shader_3dapi_02_24.h">
      <Filter>헤더 파일\Chapter02</Filter>
    </ClInclude>
    <ClInclude Include="Shader_3dapi_02_25.h">
      <Filter>헤더 파일\Chapter02</Filter>
    </ClInclude>
    <ClInclude Include="Shader_3dapi_02_26.h">
      <Filter>헤더 파일\Chapter02</Filter>
    </ClInclude>
    <ClInclude Include="Shader_3dapi_02_27.h">
      <Filter>헤더 파일\Chapter02</Filter>
    </ClInclude>
    <ClInclude Include="Sprite.h">
      <Filter>헤더 파일</Filter>
    </ClInclude>
    <ClInclude Include="Shader_3dapi_03_12.h">
      <Filter>헤더 파일\Chapter03</Filter>
    </ClInclude>
    <ClInclude Include="Shader_3dapi_03_14.h">
      <Filter>헤더 파일\Chapter03</Filter>
    </ClInclude>
    <ClInclude Include="Shader_3dapi_03_16.h">
      <Filter>헤더 파일\Chapter03</Filter>
    </ClInclude>
    <ClInclude Include="Shader_3dapi_03_15.h">
      <Filter>헤더 파일\Chapter03</Filter>
    </ClInclude>
    <ClInclude Include="Shader_3dapi_03_18.h">
      <Filter>헤더 파일\Chapter03</Filter>
    </ClInclude>
    <ClInclude Include="Shader_3dapi_03_19.h">
      <Filter>헤더 파일\Chapter03</Filter>
    </ClInclude>
    <ClInclude Include="Shader_3dapi_03_20.h">
      <Filter>헤더 파일\Chapter03</Filter>
    </ClInclude>
    <ClInclude Include="Shader_3dapi_03_21.h">
      <Filter>헤더 파일\Chapter03</Filter>
    </ClInclude>
    <ClInclude Include="Shader_3dapi_03_22.h">
      <Filter>헤더 파일\Chapter03</Filter>
    </ClInclude>
    <ClInclude Include="Shader_3dapi_03_23.h">
      <Filter>헤더 파일\Chapter03</Filter>
    </ClInclude>
    <ClInclude Include="Shader_3dapi_03_24.h">
      <Filter>헤더 파일\Chapter03</Filter>
    </ClInclude>
    <ClInclude Include="Shader_3dapi_03_25.h">
      <Filter>헤더 파일\Chapter03</Filter>
    </ClInclude>
    <ClInclude Include="Shader_3dapi_03_26.h">
      <Filter>헤더 파일\Chapter03</Filter>
    </ClInclude>
    <ClInclude Include="Shader_3dapi_03_17.h">
      <Filter>헤더 파일\Chapter03</Filter>
    </ClInclude>
    <ClInclude Include="Shader_3dapi_03_27.h">
      <Filter>헤더 파일\Chapter03</Filter>
    </ClInclude>
    <ClInclude Include="Shader_3dapi_03_29.h">
      <Filter>헤더 파일\Chapter03</Filter>
    </ClInclude>
    <ClInclude Include="Shader_3dapi_03_28.h">
      <Filter>헤더 파일\Chapter03</Filter>
    </ClInclude>
    <ClInclude Include="Shader_3dapi_03_30.h">
      <Filter>헤더 파일\Chapter03</Filter>
    </ClInclude>
    <ClInclude Include="Shader_3dapi_03_31.h">
      <Filter>헤더 파일\Chapter03</Filter>
    </ClInclude>
    <ClInclude Include="Shader_3dapi_03_32.h">
      <Filter>헤더 파일\Chapter03</Filter>
    </ClInclude>
    <ClInclude Include="Shader_3dapi_03_33.h">
      <Filter>헤더 파일\Chapter03</Filter>
    </ClInclude>
    <ClInclude Include="Shader_3dapi_03_34.h">
      <Filter>헤더 파일\Chapter03</Filter>
    </ClInclude>
    <ClInclude Include="Shader_3dapi_03_35.h">
      <Filter>헤더 파일\Chapter03</Filter>
    </ClInclude>
    <ClInclude Include="Shader_3dapi_03_36.h">
      <Filter>헤더 파일\Chapter03</Filter>
    </ClInclude>
    <ClInclude Include="Shader_3dapi_03_37.h">
      <Filter>헤더 파일\Chapter03</Filter>
    </ClInclude>
    <ClInclude Include="Shader_3dapi_03_38.h">
      <Filter>헤더 파일\Chapter03</Filter>
    </ClInclude>
    <ClInclude Include="Shader_3dapi_03_39.h">
      <Filter>헤더 파일\Chapter03</Filter>
    </ClInclude>
    <ClInclude Include="Shader_3dapi_03_40.h">
      <Filter>헤더 파일\Chapter03</Filter>
    </ClInclude>
    <ClInclude Include="Shader_3dapi_03_41.h">
      <Filter>헤더 파일\Chapter03</Filter>
    </ClInclude>
    <ClInclude Include="Shader_3dapi_01_01.h">
      <Filter>헤더 파일\Chapter01</Filter>
    </ClInclude>
    <ClInclude Include="Shader_3dapi_01_02.h">
      <Filter>헤더 파일\Chapter01</Filter>
    </ClInclude>
    <ClInclude Include="Shader_3dapi_03_42.h">
      <Filter>헤더 파일\Chapter03</Filter>
    </ClInclude>
    <ClInclude Include="Shader_3dapi_01_03.h">
      <Filter>헤더 파일\Chapter01</Filter>
    </ClInclude>
    <ClInclude Include="Shader_3dapi_01_04.h">
      <Filter>헤더 파일\Chapter01</Filter>
    </ClInclude>
    <ClInclude Include="Shader_3dapi_01_05.h">
      <Filter>헤더 파일\Chapter01</Filter>
    </ClInclude>
    <ClInclude Include="Shader_3dapi_01_07.h">
      <Filter>헤더 파일\Chapter01</Filter>
    </ClInclude>
    <ClInclude Include="Shader_3dapi_01_06.h">
      <Filter>헤더 파일\Chapter01</Filter>
    </ClInclude>
    <ClInclude Include="Shader_3dapi_01_08.h">
      <Filter>헤더 파일\Chapter01</Filter>
    </ClInclude>
    <ClInclude Include="Shader_3dapi_01_09.h">
      <Filter>헤더 파일\Chapter01</Filter>
    </ClInclude>
    <ClInclude Include="Shader_3dapi_01_10.h">
      <Filter>헤더 파일\Chapter01</Filter>
    </ClInclude>
    <ClInclude Include="Shader_3dapi_01_11.h">
      <Filter>헤더 파일\Chapter01</Filter>
    </ClInclude>
  </ItemGroup>
  <ItemGroup>
    <ClCompile Include="stdafx.cpp">
      <Filter>소스 파일</Filter>
    </ClCompile>
    <ClCompile Include="3DAPIShader.cpp">
      <Filter>소스 파일</Filter>
    </ClCompile>
    <ClCompile Include="BaseClass.cpp">
      <Filter>소스 파일</Filter>
    </ClCompile>
    <ClCompile Include="GameApp.cpp">
      <Filter>소스 파일</Filter>
    </ClCompile>
    <ClCompile Include="GameCore.cpp">
      <Filter>소스 파일</Filter>
    </ClCompile>
    <ClCompile Include="TestShader.cpp">
      <Filter>소스 파일</Filter>
    </ClCompile>
    <ClCompile Include="InputManager.cpp">
      <Filter>소스 파일</Filter>
    </ClCompile>
    <ClCompile Include="CameraManager.cpp">
      <Filter>소스 파일</Filter>
    </ClCompile>
    <ClCompile Include="Grid.cpp">
      <Filter>소스 파일</Filter>
    </ClCompile>
    <ClCompile Include="Field.cpp">
      <Filter>소스 파일</Filter>
    </ClCompile>
    <ClCompile Include="Mesh.cpp">
      <Filter>소스 파일</Filter>
    </ClCompile>
    <ClCompile Include="IRenderTarget.cpp">
      <Filter>소스 파일</Filter>
    </ClCompile>
    <ClCompile Include="RenderTarget.cpp">
      <Filter>소스 파일</Filter>
    </ClCompile>
    <ClCompile Include="Shader_3dapi_03_01.cpp">
      <Filter>소스 파일\Chapter03</Filter>
    </ClCompile>
    <ClCompile Include="Shader_3dapi_03_02.cpp">
      <Filter>소스 파일\Chapter03</Filter>
    </ClCompile>
    <ClCompile Include="Shader_3dapi_03_03.cpp">
      <Filter>소스 파일\Chapter03</Filter>
    </ClCompile>
    <ClCompile Include="Shader_3dapi_03_04.cpp">
      <Filter>소스 파일\Chapter03</Filter>
    </ClCompile>
    <ClCompile Include="Shader_3dapi_03_08.cpp">
      <Filter>소스 파일\Chapter03</Filter>
    </ClCompile>
    <ClCompile Include="Shader_3dapi_03_09.cpp">
      <Filter>소스 파일\Chapter03</Filter>
    </ClCompile>
    <ClCompile Include="Shader_3dapi_03_10.cpp">
      <Filter>소스 파일\Chapter03</Filter>
    </ClCompile>
    <ClCompile Include="Shader_3dapi_03_11.cpp">
      <Filter>소스 파일\Chapter03</Filter>
    </ClCompile>
    <ClCompile Include="Shader_3dapi_02_12.cpp">
      <Filter>소스 파일\Chapter02</Filter>
    </ClCompile>
    <ClCompile Include="Shader_3dapi_02_18.cpp">
      <Filter>소스 파일\Chapter02</Filter>
    </ClCompile>
    <ClCompile Include="Shader_3dapi_02_19.cpp">
      <Filter>소스 파일\Chapter02</Filter>
    </ClCompile>
    <ClCompile Include="Shader_3dapi_02_22.cpp">
      <Filter>소스 파일\Chapter02</Filter>
    </ClCompile>
    <ClCompile Include="Shader_3dapi_02_23.cpp">
      <Filter>소스 파일\Chapter02</Filter>
    </ClCompile>
    <ClCompile Include="Shader_3dapi_02_24.cpp">
      <Filter>소스 파일\Chapter02</Filter>
    </ClCompile>
    <ClCompile Include="Shader_3dapi_02_25.cpp">
      <Filter>소스 파일\Chapter02</Filter>
    </ClCompile>
    <ClCompile Include="Shader_3dapi_02_26.cpp">
      <Filter>소스 파일\Chapter02</Filter>
    </ClCompile>
    <ClCompile Include="Shader_3dapi_02_27.cpp">
      <Filter>소스 파일\Chapter02</Filter>
    </ClCompile>
    <ClCompile Include="Shader_3dapi_02_28.cpp">
      <Filter>소스 파일\Chapter02</Filter>
    </ClCompile>
    <ClCompile Include="Shader_3dapi_02_20.cpp">
      <Filter>소스 파일\Chapter02</Filter>
    </ClCompile>
    <ClCompile Include="Shader_3dapi_02_21.cpp">
      <Filter>소스 파일\Chapter02</Filter>
    </ClCompile>
    <ClCompile Include="Sprite.cpp">
      <Filter>소스 파일</Filter>
    </ClCompile>
    <ClCompile Include="Shader_3dapi_03_12.cpp">
      <Filter>소스 파일\Chapter03</Filter>
    </ClCompile>
    <ClCompile Include="Shader_3dapi_03_14.cpp">
      <Filter>소스 파일\Chapter03</Filter>
    </ClCompile>
    <ClCompile Include="Shader_3dapi_03_16.cpp">
      <Filter>소스 파일\Chapter03</Filter>
    </ClCompile>
    <ClCompile Include="Shader_3dapi_03_15.cpp">
      <Filter>소스 파일\Chapter03</Filter>
    </ClCompile>
    <ClCompile Include="Shader_3dapi_03_18.cpp">
      <Filter>소스 파일\Chapter03</Filter>
    </ClCompile>
    <ClCompile Include="Shader_3dapi_03_19.cpp">
      <Filter>소스 파일\Chapter03</Filter>
    </ClCompile>
    <ClCompile Include="Shader_3dapi_03_20.cpp">
      <Filter>소스 파일\Chapter03</Filter>
    </ClCompile>
    <ClCompile Include="Shader_3dapi_03_21.cpp">
      <Filter>소스 파일\Chapter03</Filter>
    </ClCompile>
    <ClCompile Include="Shader_3dapi_03_22.cpp">
      <Filter>소스 파일\Chapter03</Filter>
    </ClCompile>
    <ClCompile Include="Shader_3dapi_03_23.cpp">
      <Filter>소스 파일\Chapter03</Filter>
    </ClCompile>
    <ClCompile Include="Shader_3dapi_03_24.cpp">
      <Filter>소스 파일\Chapter03</Filter>
    </ClCompile>
    <ClCompile Include="Shader_3dapi_03_25.cpp">
      <Filter>소스 파일\Chapter03</Filter>
    </ClCompile>
    <ClCompile Include="Shader_3dapi_03_26.cpp">
      <Filter>소스 파일\Chapter03</Filter>
    </ClCompile>
    <ClCompile Include="Shader_3dapi_03_17.cpp">
      <Filter>소스 파일\Chapter03</Filter>
    </ClCompile>
    <ClCompile Include="Shader_3dapi_03_27.cpp">
      <Filter>소스 파일\Chapter03</Filter>
    </ClCompile>
    <ClCompile Include="Shader_3dapi_03_29.cpp">
      <Filter>소스 파일\Chapter03</Filter>
    </ClCompile>
    <ClCompile Include="Shader_3dapi_03_28.cpp">
      <Filter>소스 파일\Chapter03</Filter>
    </ClCompile>
    <ClCompile Include="Shader_3dapi_03_31.cpp">
      <Filter>소스 파일\Chapter03</Filter>
    </ClCompile>
    <ClCompile Include="Shader_3dapi_03_30.cpp">
      <Filter>소스 파일\Chapter03</Filter>
    </ClCompile>
    <ClCompile Include="Shader_3dapi_03_32.cpp">
      <Filter>소스 파일\Chapter03</Filter>
    </ClCompile>
    <ClCompile Include="Shader_3dapi_03_33.cpp">
      <Filter>소스 파일\Chapter03</Filter>
    </ClCompile>
    <ClCompile Include="Shader_3dapi_03_34.cpp">
      <Filter>소스 파일\Chapter03</Filter>
    </ClCompile>
    <ClCompile Include="Shader_3dapi_03_35.cpp">
      <Filter>소스 파일\Chapter03</Filter>
    </ClCompile>
    <ClCompile Include="Shader_3dapi_03_36.cpp">
      <Filter>소스 파일\Chapter03</Filter>
    </ClCompile>
    <ClCompile Include="Shader_3dapi_03_37.cpp">
      <Filter>소스 파일\Chapter03</Filter>
    </ClCompile>
    <ClCompile Include="Shader_3dapi_03_38.cpp">
      <Filter>소스 파일\Chapter03</Filter>
    </ClCompile>
    <ClCompile Include="Shader_3dapi_03_39.cpp">
      <Filter>소스 파일\Chapter03</Filter>
    </ClCompile>
    <ClCompile Include="Shader_3dapi_03_40.cpp">
      <Filter>소스 파일\Chapter03</Filter>
    </ClCompile>
    <ClCompile Include="Shader_3dapi_03_41.cpp">
      <Filter>소스 파일\Chapter03</Filter>
    </ClCompile>
    <ClCompile Include="Shader_3dapi_01_01.cpp">
      <Filter>소스 파일\Chapter01</Filter>
    </ClCompile>
    <ClCompile Include="Shader_3dapi_01_02.cpp">
      <Filter>소스 파일\Chapter01</Filter>
    </ClCompile>
    <ClCompile Include="Shader_3dapi_03_42.cpp">
      <Filter>소스 파일\Chapter03</Filter>
    </ClCompile>
    <ClCompile Include="Shader_3dapi_01_03.cpp">
      <Filter>소스 파일\Chapter01</Filter>
    </ClCompile>
    <ClCompile Include="Shader_3dapi_01_04.cpp">
      <Filter>소스 파일\Chapter01</Filter>
    </ClCompile>
    <ClCompile Include="Shader_3dapi_01_05.cpp">
      <Filter>소스 파일\Chapter01</Filter>
    </ClCompile>
    <ClCompile Include="Shader_3dapi_01_07.cpp">
      <Filter>소스 파일\Chapter01</Filter>
    </ClCompile>
    <ClCompile Include="Shader_3dapi_01_06.cpp">
      <Filter>소스 파일\Chapter01</Filter>
    </ClCompile>
    <ClCompile Include="Shader_3dapi_01_08.cpp">
      <Filter>소스 파일\Chapter01</Filter>
    </ClCompile>
    <ClCompile Include="Shader_3dapi_01_09.cpp">
      <Filter>소스 파일\Chapter01</Filter>
    </ClCompile>
    <ClCompile Include="Shader_3dapi_01_10.cpp">
      <Filter>소스 파일\Chapter01</Filter>
    </ClCompile>
    <ClCompile Include="Shader_3dapi_01_11.cpp">
      <Filter>소스 파일\Chapter01</Filter>
    </ClCompile>
  </ItemGroup>
  <ItemGroup>
    <ResourceCompile Include="3DAPIShader.rc">
      <Filter>리소스 파일</Filter>
    </ResourceCompile>
  </ItemGroup>
  <ItemGroup>
    <Image Include="small.ico">
      <Filter>리소스 파일</Filter>
    </Image>
    <Image Include="3DAPIShader.ico">
      <Filter>리소스 파일</Filter>
    </Image>
  </ItemGroup>
</Project>